
Microsoft Visual Studio Solution File, Format Version 12.00
# Visual Studio Version 17
VisualStudioVersion = 17.3.32901.215
MinimumVisualStudioVersion = 10.0.40219.1
Project("{FAE04EC0-301F-11D3-BF4B-00C04F79EFBC}") = "Task1UsingClassLibrary", "SeleniumTask1\Task1UsingClassLibrary.csproj", "{94B3AC30-AE42-459E-8700-3040F2EFE9A0}"
EndProject
Project("{9A19103F-16F7-4668-BE54-9A1E7A4F7556}") = "ChromeNunit", "Task1WithNunit\ChromeNunit.csproj", "{3DB8444D-F0B7-4E7B-97A6-2C74B9705689}"
EndProject
Project("{9A19103F-16F7-4668-BE54-9A1E7A4F7556}") = "EdgeNunit", "Edge\EdgeNunit.csproj", "{9B5F2416-AB6E-4B5F-B4C5-119AA31FC0EE}"
EndProject
Project("{9A19103F-16F7-4668-BE54-9A1E7A4F7556}") = "MainClassForNunit", "ClassLibrary2\MainClassForNunit.csproj", "{7A79BA25-0336-47FC-8E44-0EF50DE2EDD0}"
EndProject
Global
	GlobalSection(SolutionConfigurationPlatforms) = preSolution
		Debug|Any CPU = Debug|Any CPU
		Release|Any CPU = Release|Any CPU
	EndGlobalSection
	GlobalSection(ProjectConfigurationPlatforms) = postSolution
		{94B3AC30-AE42-459E-8700-3040F2EFE9A0}.Debug|Any CPU.ActiveCfg = Debug|Any CPU
		{94B3AC30-AE42-459E-8700-3040F2EFE9A0}.Debug|Any CPU.Build.0 = Debug|Any CPU
		{94B3AC30-AE42-459E-8700-3040F2EFE9A0}.Release|Any CPU.ActiveCfg = Release|Any CPU
		{94B3AC30-AE42-459E-8700-3040F2EFE9A0}.Release|Any CPU.Build.0 = Release|Any CPU
		{3DB8444D-F0B7-4E7B-97A6-2C74B9705689}.Debug|Any CPU.ActiveCfg = Debug|Any CPU
		{3DB8444D-F0B7-4E7B-97A6-2C74B9705689}.Debug|Any CPU.Build.0 = Debug|Any CPU
		{3DB8444D-F0B7-4E7B-97A6-2C74B9705689}.Release|Any CPU.ActiveCfg = Release|Any CPU
		{3DB8444D-F0B7-4E7B-97A6-2C74B9705689}.Release|Any CPU.Build.0 = Release|Any CPU
		{9B5F2416-AB6E-4B5F-B4C5-119AA31FC0EE}.Debug|Any CPU.ActiveCfg = Debug|Any CPU
		{9B5F2416-AB6E-4B5F-B4C5-119AA31FC0EE}.Debug|Any CPU.Build.0 = Debug|Any CPU
		{9B5F2416-AB6E-4B5F-B4C5-119AA31FC0EE}.Release|Any CPU.ActiveCfg = Release|Any CPU
		{9B5F2416-AB6E-4B5F-B4C5-119AA31FC0EE}.Release|Any CPU.Build.0 = Release|Any CPU
		{7A79BA25-0336-47FC-8E44-0EF50DE2EDD0}.Debug|Any CPU.ActiveCfg = Debug|Any CPU
		{7A79BA25-0336-47FC-8E44-0EF50DE2EDD0}.Debug|Any CPU.Build.0 = Debug|Any CPU
		{7A79BA25-0336-47FC-8E44-0EF50DE2EDD0}.Release|Any CPU.ActiveCfg = Release|Any CPU
		{7A79BA25-0336-47FC-8E44-0EF50DE2EDD0}.Release|Any CPU.Build.0 = Release|Any CPU
	EndGlobalSection
	GlobalSection(SolutionProperties) = preSolution
		HideSolutionNode = FALSE
	EndGlobalSection
	GlobalSection(ExtensibilityGlobals) = postSolution
		SolutionGuid = {5C473EB0-FEDE-42D2-B70C-8CA10317AAAE}
	EndGlobalSection
EndGlobal
