
Microsoft Visual Studio Solution File, Format Version 12.00
# Visual Studio Version 17
VisualStudioVersion = 17.3.32901.215
MinimumVisualStudioVersion = 10.0.40219.1
Project("{9A19103F-16F7-4668-BE54-9A1E7A4F7556}") = "TasksPractice", "TasksPractice\TasksPractice.csproj", "{EC110CCA-0955-4D50-8F56-10BB91572D6A}"
EndProject
Project("{FAE04EC0-301F-11D3-BF4B-00C04F79EFBC}") = "TestPassword", "TestPassword\TestPassword.csproj", "{67ED546B-BD4C-49EC-90DC-F48780164AAA}"
EndProject
Global
	GlobalSection(SolutionConfigurationPlatforms) = preSolution
		Debug|Any CPU = Debug|Any CPU
		Release|Any CPU = Release|Any CPU
	EndGlobalSection
	GlobalSection(ProjectConfigurationPlatforms) = postSolution
		{EC110CCA-0955-4D50-8F56-10BB91572D6A}.Debug|Any CPU.ActiveCfg = Debug|Any CPU
		{EC110CCA-0955-4D50-8F56-10BB91572D6A}.Debug|Any CPU.Build.0 = Debug|Any CPU
		{EC110CCA-0955-4D50-8F56-10BB91572D6A}.Release|Any CPU.ActiveCfg = Release|Any CPU
		{EC110CCA-0955-4D50-8F56-10BB91572D6A}.Release|Any CPU.Build.0 = Release|Any CPU
		{67ED546B-BD4C-49EC-90DC-F48780164AAA}.Debug|Any CPU.ActiveCfg = Debug|Any CPU
		{67ED546B-BD4C-49EC-90DC-F48780164AAA}.Debug|Any CPU.Build.0 = Debug|Any CPU
		{67ED546B-BD4C-49EC-90DC-F48780164AAA}.Release|Any CPU.ActiveCfg = Release|Any CPU
		{67ED546B-BD4C-49EC-90DC-F48780164AAA}.Release|Any CPU.Build.0 = Release|Any CPU
	EndGlobalSection
	GlobalSection(SolutionProperties) = preSolution
		HideSolutionNode = FALSE
	EndGlobalSection
	GlobalSection(ExtensibilityGlobals) = postSolution
		SolutionGuid = {D48A1702-27D1-4BF4-ADCC-7B5F66420577}
	EndGlobalSection
EndGlobal
