
Microsoft Visual Studio Solution File, Format Version 12.00
# Visual Studio Version 17
VisualStudioVersion = 17.3.32901.215
MinimumVisualStudioVersion = 10.0.40219.1
Project("{9A19103F-16F7-4668-BE54-9A1E7A4F7556}") = "TestSauceDemo", "TestSauceDemo\TestSauceDemo.csproj", "{8127C969-3FC6-4492-9075-DBA27A08D136}"
EndProject
Project("{FAE04EC0-301F-11D3-BF4B-00C04F79EFBC}") = "POMSauceDemo", "POMSauceDemo\POMSauceDemo.csproj", "{5294A87A-6158-4961-A2A3-EDF3F3397018}"
EndProject
Project("{FAE04EC0-301F-11D3-BF4B-00C04F79EFBC}") = "CommonLibrary", "CommonLibrary\CommonLibrary.csproj", "{28A8D38F-6DA7-487B-8CAA-EBA0CDE25324}"
EndProject
Global
	GlobalSection(SolutionConfigurationPlatforms) = preSolution
		Debug|Any CPU = Debug|Any CPU
		Release|Any CPU = Release|Any CPU
	EndGlobalSection
	GlobalSection(ProjectConfigurationPlatforms) = postSolution
		{8127C969-3FC6-4492-9075-DBA27A08D136}.Debug|Any CPU.ActiveCfg = Debug|Any CPU
		{8127C969-3FC6-4492-9075-DBA27A08D136}.Debug|Any CPU.Build.0 = Debug|Any CPU
		{8127C969-3FC6-4492-9075-DBA27A08D136}.Release|Any CPU.ActiveCfg = Release|Any CPU
		{8127C969-3FC6-4492-9075-DBA27A08D136}.Release|Any CPU.Build.0 = Release|Any CPU
		{5294A87A-6158-4961-A2A3-EDF3F3397018}.Debug|Any CPU.ActiveCfg = Debug|Any CPU
		{5294A87A-6158-4961-A2A3-EDF3F3397018}.Debug|Any CPU.Build.0 = Debug|Any CPU
		{5294A87A-6158-4961-A2A3-EDF3F3397018}.Release|Any CPU.ActiveCfg = Release|Any CPU
		{5294A87A-6158-4961-A2A3-EDF3F3397018}.Release|Any CPU.Build.0 = Release|Any CPU
		{28A8D38F-6DA7-487B-8CAA-EBA0CDE25324}.Debug|Any CPU.ActiveCfg = Debug|Any CPU
		{28A8D38F-6DA7-487B-8CAA-EBA0CDE25324}.Debug|Any CPU.Build.0 = Debug|Any CPU
		{28A8D38F-6DA7-487B-8CAA-EBA0CDE25324}.Release|Any CPU.ActiveCfg = Release|Any CPU
		{28A8D38F-6DA7-487B-8CAA-EBA0CDE25324}.Release|Any CPU.Build.0 = Release|Any CPU
	EndGlobalSection
	GlobalSection(SolutionProperties) = preSolution
		HideSolutionNode = FALSE
	EndGlobalSection
	GlobalSection(ExtensibilityGlobals) = postSolution
		SolutionGuid = {7C96B92F-7DE0-451C-8F81-80AFE3D709F4}
	EndGlobalSection
EndGlobal
